
Microsoft Visual Studio Solution File, Format Version 12.00
# Visual Studio Version 16
VisualStudioVersion = 16.0.31424.327
MinimumVisualStudioVersion = 10.0.40219.1
Project("{FAE04EC0-301F-11D3-BF4B-00C04F79EFBC}") = "leet_code演算法_Q12", "leet_code演算法_Q12\leet_code演算法_Q12.csproj", "{4DAF24BD-C274-4A0D-929C-C83E8D76A5E1}"
EndProject
Global
	GlobalSection(SolutionConfigurationPlatforms) = preSolution
		Debug|Any CPU = Debug|Any CPU
		Release|Any CPU = Release|Any CPU
	EndGlobalSection
	GlobalSection(ProjectConfigurationPlatforms) = postSolution
		{4DAF24BD-C274-4A0D-929C-C83E8D76A5E1}.Debug|Any CPU.ActiveCfg = Debug|Any CPU
		{4DAF24BD-C274-4A0D-929C-C83E8D76A5E1}.Debug|Any CPU.Build.0 = Debug|Any CPU
		{4DAF24BD-C274-4A0D-929C-C83E8D76A5E1}.Release|Any CPU.ActiveCfg = Release|Any CPU
		{4DAF24BD-C274-4A0D-929C-C83E8D76A5E1}.Release|Any CPU.Build.0 = Release|Any CPU
	EndGlobalSection
	GlobalSection(SolutionProperties) = preSolution
		HideSolutionNode = FALSE
	EndGlobalSection
	GlobalSection(ExtensibilityGlobals) = postSolution
		SolutionGuid = {D72C1CFF-4A79-44A4-B08B-01019C00CF3E}
	EndGlobalSection
EndGlobal
