
Microsoft Visual Studio Solution File, Format Version 12.00
# Visual Studio Version 16
VisualStudioVersion = 16.0.31424.327
MinimumVisualStudioVersion = 10.0.40219.1
Project("{FAE04EC0-301F-11D3-BF4B-00C04F79EFBC}") = "張守仁_Q2", "張守仁_Q2\張守仁_Q2.csproj", "{64826590-D0EE-4FD7-A57A-588B1822C3BC}"
EndProject
Global
	GlobalSection(SolutionConfigurationPlatforms) = preSolution
		Debug|Any CPU = Debug|Any CPU
		Release|Any CPU = Release|Any CPU
	EndGlobalSection
	GlobalSection(ProjectConfigurationPlatforms) = postSolution
		{64826590-D0EE-4FD7-A57A-588B1822C3BC}.Debug|Any CPU.ActiveCfg = Debug|Any CPU
		{64826590-D0EE-4FD7-A57A-588B1822C3BC}.Debug|Any CPU.Build.0 = Debug|Any CPU
		{64826590-D0EE-4FD7-A57A-588B1822C3BC}.Release|Any CPU.ActiveCfg = Release|Any CPU
		{64826590-D0EE-4FD7-A57A-588B1822C3BC}.Release|Any CPU.Build.0 = Release|Any CPU
	EndGlobalSection
	GlobalSection(SolutionProperties) = preSolution
		HideSolutionNode = FALSE
	EndGlobalSection
	GlobalSection(ExtensibilityGlobals) = postSolution
		SolutionGuid = {D6C02E17-6874-41B8-A7F1-FC56C119CF25}
	EndGlobalSection
EndGlobal
