
Microsoft Visual Studio Solution File, Format Version 12.00
# Visual Studio Version 16
VisualStudioVersion = 16.0.31424.327
MinimumVisualStudioVersion = 10.0.40219.1
Project("{FAE04EC0-301F-11D3-BF4B-00C04F79EFBC}") = "張守仁_Q6", "張守仁_Q6\張守仁_Q6.csproj", "{CC8C4572-676D-4AEC-9332-27BDB5281A4A}"
EndProject
Global
	GlobalSection(SolutionConfigurationPlatforms) = preSolution
		Debug|Any CPU = Debug|Any CPU
		Release|Any CPU = Release|Any CPU
	EndGlobalSection
	GlobalSection(ProjectConfigurationPlatforms) = postSolution
		{CC8C4572-676D-4AEC-9332-27BDB5281A4A}.Debug|Any CPU.ActiveCfg = Debug|Any CPU
		{CC8C4572-676D-4AEC-9332-27BDB5281A4A}.Debug|Any CPU.Build.0 = Debug|Any CPU
		{CC8C4572-676D-4AEC-9332-27BDB5281A4A}.Release|Any CPU.ActiveCfg = Release|Any CPU
		{CC8C4572-676D-4AEC-9332-27BDB5281A4A}.Release|Any CPU.Build.0 = Release|Any CPU
	EndGlobalSection
	GlobalSection(SolutionProperties) = preSolution
		HideSolutionNode = FALSE
	EndGlobalSection
	GlobalSection(ExtensibilityGlobals) = postSolution
		SolutionGuid = {943813C9-F6DC-4276-8503-478E871E69C7}
	EndGlobalSection
EndGlobal
