
Microsoft Visual Studio Solution File, Format Version 12.00
# Visual Studio Version 16
VisualStudioVersion = 16.0.31424.327
MinimumVisualStudioVersion = 10.0.40219.1
Project("{FAE04EC0-301F-11D3-BF4B-00C04F79EFBC}") = "張守仁_Q5", "張守仁_Q5\張守仁_Q5.csproj", "{4385736A-5480-43EC-B8E5-C8238DE1B236}"
EndProject
Global
	GlobalSection(SolutionConfigurationPlatforms) = preSolution
		Debug|Any CPU = Debug|Any CPU
		Release|Any CPU = Release|Any CPU
	EndGlobalSection
	GlobalSection(ProjectConfigurationPlatforms) = postSolution
		{4385736A-5480-43EC-B8E5-C8238DE1B236}.Debug|Any CPU.ActiveCfg = Debug|Any CPU
		{4385736A-5480-43EC-B8E5-C8238DE1B236}.Debug|Any CPU.Build.0 = Debug|Any CPU
		{4385736A-5480-43EC-B8E5-C8238DE1B236}.Release|Any CPU.ActiveCfg = Release|Any CPU
		{4385736A-5480-43EC-B8E5-C8238DE1B236}.Release|Any CPU.Build.0 = Release|Any CPU
	EndGlobalSection
	GlobalSection(SolutionProperties) = preSolution
		HideSolutionNode = FALSE
	EndGlobalSection
	GlobalSection(ExtensibilityGlobals) = postSolution
		SolutionGuid = {7A987FE2-D48E-4279-925F-86654881A707}
	EndGlobalSection
EndGlobal
