
Microsoft Visual Studio Solution File, Format Version 12.00
# Visual Studio Version 16
VisualStudioVersion = 16.0.31424.327
MinimumVisualStudioVersion = 10.0.40219.1
Project("{FAE04EC0-301F-11D3-BF4B-00C04F79EFBC}") = "張守仁_Q6", "張守仁_Q6\張守仁_Q6.csproj", "{38D6352D-043E-45C6-A322-08737514B148}"
EndProject
Global
	GlobalSection(SolutionConfigurationPlatforms) = preSolution
		Debug|Any CPU = Debug|Any CPU
		Release|Any CPU = Release|Any CPU
	EndGlobalSection
	GlobalSection(ProjectConfigurationPlatforms) = postSolution
		{38D6352D-043E-45C6-A322-08737514B148}.Debug|Any CPU.ActiveCfg = Debug|Any CPU
		{38D6352D-043E-45C6-A322-08737514B148}.Debug|Any CPU.Build.0 = Debug|Any CPU
		{38D6352D-043E-45C6-A322-08737514B148}.Release|Any CPU.ActiveCfg = Release|Any CPU
		{38D6352D-043E-45C6-A322-08737514B148}.Release|Any CPU.Build.0 = Release|Any CPU
	EndGlobalSection
	GlobalSection(SolutionProperties) = preSolution
		HideSolutionNode = FALSE
	EndGlobalSection
	GlobalSection(ExtensibilityGlobals) = postSolution
		SolutionGuid = {4F4BDA35-299A-456C-9A02-6AAAC02F41BD}
	EndGlobalSection
EndGlobal
