
Microsoft Visual Studio Solution File, Format Version 12.00
# Visual Studio Version 16
VisualStudioVersion = 16.0.31424.327
MinimumVisualStudioVersion = 10.0.40219.1
Project("{FAE04EC0-301F-11D3-BF4B-00C04F79EFBC}") = "張守仁_Q4", "張守仁_Q4\張守仁_Q4.csproj", "{F17BCFEA-6A74-4526-887A-ED49DC8B2656}"
EndProject
Global
	GlobalSection(SolutionConfigurationPlatforms) = preSolution
		Debug|Any CPU = Debug|Any CPU
		Release|Any CPU = Release|Any CPU
	EndGlobalSection
	GlobalSection(ProjectConfigurationPlatforms) = postSolution
		{F17BCFEA-6A74-4526-887A-ED49DC8B2656}.Debug|Any CPU.ActiveCfg = Debug|Any CPU
		{F17BCFEA-6A74-4526-887A-ED49DC8B2656}.Debug|Any CPU.Build.0 = Debug|Any CPU
		{F17BCFEA-6A74-4526-887A-ED49DC8B2656}.Release|Any CPU.ActiveCfg = Release|Any CPU
		{F17BCFEA-6A74-4526-887A-ED49DC8B2656}.Release|Any CPU.Build.0 = Release|Any CPU
	EndGlobalSection
	GlobalSection(SolutionProperties) = preSolution
		HideSolutionNode = FALSE
	EndGlobalSection
	GlobalSection(ExtensibilityGlobals) = postSolution
		SolutionGuid = {D2F8A93D-C100-42FC-87BF-5663F76F2E05}
	EndGlobalSection
EndGlobal
